
Microsoft Visual Studio Solution File, Format Version 12.00
# Visual Studio Version 17
VisualStudioVersion = 17.0.31903.59
MinimumVisualStudioVersion = 10.0.40219.1
Project("{2150E333-8FDC-42A3-9474-1A3956D46DE8}") = "src", "src", "{827E0CD3-B72D-47B6-A68D-7590B98EB39B}"
EndProject
Project("{2150E333-8FDC-42A3-9474-1A3956D46DE8}") = "tests", "tests", "{9E39DE2D-35B0-4D3F-8AD1-C750EFC056AE}"
EndProject
Project("{FAE04EC0-301F-11D3-BF4B-00C04F79EFBC}") = "Platform.Domain", "src\Platform.Domain\Platform.Domain.csproj", "{19D3BED8-A6C7-42D3-970D-349B8C80F324}"
EndProject
Project("{FAE04EC0-301F-11D3-BF4B-00C04F79EFBC}") = "Platform.Application", "src\Platform.Application\Platform.Application.csproj", "{78F2AE1B-7DB3-4B02-A039-2B4AB7ED106D}"
EndProject
Project("{FAE04EC0-301F-11D3-BF4B-00C04F79EFBC}") = "Platform.Infrastructure", "src\Platform.Infrastructure\Platform.Infrastructure.csproj", "{0E077E6C-9423-4FEA-92DB-82BA0BC541C7}"
EndProject
Project("{FAE04EC0-301F-11D3-BF4B-00C04F79EFBC}") = "Platform.API", "src\Platform.API\Platform.API.csproj", "{AB7C0F55-3F6E-49B7-97C7-3E7CFFB5B93D}"
EndProject
Project("{FAE04EC0-301F-11D3-BF4B-00C04F79EFBC}") = "Platform.UnitTests", "tests\Platform.UnitTests\Platform.UnitTests.csproj", "{6C25B373-3013-4110-BB99-B1C6A16D68F5}"
EndProject
Project("{FAE04EC0-301F-11D3-BF4B-00C04F79EFBC}") = "Platform.IntegrationTests", "tests\Platform.IntegrationTests\Platform.IntegrationTests.csproj", "{3EC397F2-DD0F-49A0-ADF3-1D14334D20E1}"
EndProject
Project("{FAE04EC0-301F-11D3-BF4B-00C04F79EFBC}") = "Platform.ArchitectureTests", "tests\Platform.ArchitectureTests\Platform.ArchitectureTests.csproj", "{F3F19431-A4F4-4E36-98FD-6628912971E3}"
EndProject
Global
	GlobalSection(SolutionConfigurationPlatforms) = preSolution
		Debug|Any CPU = Debug|Any CPU
		Debug|x64 = Debug|x64
		Debug|x86 = Debug|x86
		Release|Any CPU = Release|Any CPU
		Release|x64 = Release|x64
		Release|x86 = Release|x86
	EndGlobalSection
	GlobalSection(ProjectConfigurationPlatforms) = postSolution
		{19D3BED8-A6C7-42D3-970D-349B8C80F324}.Debug|Any CPU.ActiveCfg = Debug|Any CPU
		{19D3BED8-A6C7-42D3-970D-349B8C80F324}.Debug|Any CPU.Build.0 = Debug|Any CPU
		{19D3BED8-A6C7-42D3-970D-349B8C80F324}.Debug|x64.ActiveCfg = Debug|Any CPU
		{19D3BED8-A6C7-42D3-970D-349B8C80F324}.Debug|x64.Build.0 = Debug|Any CPU
		{19D3BED8-A6C7-42D3-970D-349B8C80F324}.Debug|x86.ActiveCfg = Debug|Any CPU
		{19D3BED8-A6C7-42D3-970D-349B8C80F324}.Debug|x86.Build.0 = Debug|Any CPU
		{19D3BED8-A6C7-42D3-970D-349B8C80F324}.Release|Any CPU.ActiveCfg = Release|Any CPU
		{19D3BED8-A6C7-42D3-970D-349B8C80F324}.Release|Any CPU.Build.0 = Release|Any CPU
		{19D3BED8-A6C7-42D3-970D-349B8C80F324}.Release|x64.ActiveCfg = Release|Any CPU
		{19D3BED8-A6C7-42D3-970D-349B8C80F324}.Release|x64.Build.0 = Release|Any CPU
		{19D3BED8-A6C7-42D3-970D-349B8C80F324}.Release|x86.ActiveCfg = Release|Any CPU
		{19D3BED8-A6C7-42D3-970D-349B8C80F324}.Release|x86.Build.0 = Release|Any CPU
		{78F2AE1B-7DB3-4B02-A039-2B4AB7ED106D}.Debug|Any CPU.ActiveCfg = Debug|Any CPU
		{78F2AE1B-7DB3-4B02-A039-2B4AB7ED106D}.Debug|Any CPU.Build.0 = Debug|Any CPU
		{78F2AE1B-7DB3-4B02-A039-2B4AB7ED106D}.Debug|x64.ActiveCfg = Debug|Any CPU
		{78F2AE1B-7DB3-4B02-A039-2B4AB7ED106D}.Debug|x64.Build.0 = Debug|Any CPU
		{78F2AE1B-7DB3-4B02-A039-2B4AB7ED106D}.Debug|x86.ActiveCfg = Debug|Any CPU
		{78F2AE1B-7DB3-4B02-A039-2B4AB7ED106D}.Debug|x86.Build.0 = Debug|Any CPU
		{78F2AE1B-7DB3-4B02-A039-2B4AB7ED106D}.Release|Any CPU.ActiveCfg = Release|Any CPU
		{78F2AE1B-7DB3-4B02-A039-2B4AB7ED106D}.Release|Any CPU.Build.0 = Release|Any CPU
		{78F2AE1B-7DB3-4B02-A039-2B4AB7ED106D}.Release|x64.ActiveCfg = Release|Any CPU
		{78F2AE1B-7DB3-4B02-A039-2B4AB7ED106D}.Release|x64.Build.0 = Release|Any CPU
		{78F2AE1B-7DB3-4B02-A039-2B4AB7ED106D}.Release|x86.ActiveCfg = Release|Any CPU
		{78F2AE1B-7DB3-4B02-A039-2B4AB7ED106D}.Release|x86.Build.0 = Release|Any CPU
		{0E077E6C-9423-4FEA-92DB-82BA0BC541C7}.Debug|Any CPU.ActiveCfg = Debug|Any CPU
		{0E077E6C-9423-4FEA-92DB-82BA0BC541C7}.Debug|Any CPU.Build.0 = Debug|Any CPU
		{0E077E6C-9423-4FEA-92DB-82BA0BC541C7}.Debug|x64.ActiveCfg = Debug|Any CPU
		{0E077E6C-9423-4FEA-92DB-82BA0BC541C7}.Debug|x64.Build.0 = Debug|Any CPU
		{0E077E6C-9423-4FEA-92DB-82BA0BC541C7}.Debug|x86.ActiveCfg = Debug|Any CPU
		{0E077E6C-9423-4FEA-92DB-82BA0BC541C7}.Debug|x86.Build.0 = Debug|Any CPU
		{0E077E6C-9423-4FEA-92DB-82BA0BC541C7}.Release|Any CPU.ActiveCfg = Release|Any CPU
		{0E077E6C-9423-4FEA-92DB-82BA0BC541C7}.Release|Any CPU.Build.0 = Release|Any CPU
		{0E077E6C-9423-4FEA-92DB-82BA0BC541C7}.Release|x64.ActiveCfg = Release|Any CPU
		{0E077E6C-9423-4FEA-92DB-82BA0BC541C7}.Release|x64.Build.0 = Release|Any CPU
		{0E077E6C-9423-4FEA-92DB-82BA0BC541C7}.Release|x86.ActiveCfg = Release|Any CPU
		{0E077E6C-9423-4FEA-92DB-82BA0BC541C7}.Release|x86.Build.0 = Release|Any CPU
		{AB7C0F55-3F6E-49B7-97C7-3E7CFFB5B93D}.Debug|Any CPU.ActiveCfg = Debug|Any CPU
		{AB7C0F55-3F6E-49B7-97C7-3E7CFFB5B93D}.Debug|Any CPU.Build.0 = Debug|Any CPU
		{AB7C0F55-3F6E-49B7-97C7-3E7CFFB5B93D}.Debug|x64.ActiveCfg = Debug|Any CPU
		{AB7C0F55-3F6E-49B7-97C7-3E7CFFB5B93D}.Debug|x64.Build.0 = Debug|Any CPU
		{AB7C0F55-3F6E-49B7-97C7-3E7CFFB5B93D}.Debug|x86.ActiveCfg = Debug|Any CPU
		{AB7C0F55-3F6E-49B7-97C7-3E7CFFB5B93D}.Debug|x86.Build.0 = Debug|Any CPU
		{AB7C0F55-3F6E-49B7-97C7-3E7CFFB5B93D}.Release|Any CPU.ActiveCfg = Release|Any CPU
		{AB7C0F55-3F6E-49B7-97C7-3E7CFFB5B93D}.Release|Any CPU.Build.0 = Release|Any CPU
		{AB7C0F55-3F6E-49B7-97C7-3E7CFFB5B93D}.Release|x64.ActiveCfg = Release|Any CPU
		{AB7C0F55-3F6E-49B7-97C7-3E7CFFB5B93D}.Release|x64.Build.0 = Release|Any CPU
		{AB7C0F55-3F6E-49B7-97C7-3E7CFFB5B93D}.Release|x86.ActiveCfg = Release|Any CPU
		{AB7C0F55-3F6E-49B7-97C7-3E7CFFB5B93D}.Release|x86.Build.0 = Release|Any CPU
		{6C25B373-3013-4110-BB99-B1C6A16D68F5}.Debug|Any CPU.ActiveCfg = Debug|Any CPU
		{6C25B373-3013-4110-BB99-B1C6A16D68F5}.Debug|Any CPU.Build.0 = Debug|Any CPU
		{6C25B373-3013-4110-BB99-B1C6A16D68F5}.Debug|x64.ActiveCfg = Debug|Any CPU
		{6C25B373-3013-4110-BB99-B1C6A16D68F5}.Debug|x64.Build.0 = Debug|Any CPU
		{6C25B373-3013-4110-BB99-B1C6A16D68F5}.Debug|x86.ActiveCfg = Debug|Any CPU
		{6C25B373-3013-4110-BB99-B1C6A16D68F5}.Debug|x86.Build.0 = Debug|Any CPU
		{6C25B373-3013-4110-BB99-B1C6A16D68F5}.Release|Any CPU.ActiveCfg = Release|Any CPU
		{6C25B373-3013-4110-BB99-B1C6A16D68F5}.Release|Any CPU.Build.0 = Release|Any CPU
		{6C25B373-3013-4110-BB99-B1C6A16D68F5}.Release|x64.ActiveCfg = Release|Any CPU
		{6C25B373-3013-4110-BB99-B1C6A16D68F5}.Release|x64.Build.0 = Release|Any CPU
		{6C25B373-3013-4110-BB99-B1C6A16D68F5}.Release|x86.ActiveCfg = Release|Any CPU
		{6C25B373-3013-4110-BB99-B1C6A16D68F5}.Release|x86.Build.0 = Release|Any CPU
		{3EC397F2-DD0F-49A0-ADF3-1D14334D20E1}.Debug|Any CPU.ActiveCfg = Debug|Any CPU
		{3EC397F2-DD0F-49A0-ADF3-1D14334D20E1}.Debug|Any CPU.Build.0 = Debug|Any CPU
		{3EC397F2-DD0F-49A0-ADF3-1D14334D20E1}.Debug|x64.ActiveCfg = Debug|Any CPU
		{3EC397F2-DD0F-49A0-ADF3-1D14334D20E1}.Debug|x64.Build.0 = Debug|Any CPU
		{3EC397F2-DD0F-49A0-ADF3-1D14334D20E1}.Debug|x86.ActiveCfg = Debug|Any CPU
		{3EC397F2-DD0F-49A0-ADF3-1D14334D20E1}.Debug|x86.Build.0 = Debug|Any CPU
		{3EC397F2-DD0F-49A0-ADF3-1D14334D20E1}.Release|Any CPU.ActiveCfg = Release|Any CPU
		{3EC397F2-DD0F-49A0-ADF3-1D14334D20E1}.Release|Any CPU.Build.0 = Release|Any CPU
		{3EC397F2-DD0F-49A0-ADF3-1D14334D20E1}.Release|x64.ActiveCfg = Release|Any CPU
		{3EC397F2-DD0F-49A0-ADF3-1D14334D20E1}.Release|x64.Build.0 = Release|Any CPU
		{3EC397F2-DD0F-49A0-ADF3-1D14334D20E1}.Release|x86.ActiveCfg = Release|Any CPU
		{3EC397F2-DD0F-49A0-ADF3-1D14334D20E1}.Release|x86.Build.0 = Release|Any CPU
		{F3F19431-A4F4-4E36-98FD-6628912971E3}.Debug|Any CPU.ActiveCfg = Debug|Any CPU
		{F3F19431-A4F4-4E36-98FD-6628912971E3}.Debug|Any CPU.Build.0 = Debug|Any CPU
		{F3F19431-A4F4-4E36-98FD-6628912971E3}.Debug|x64.ActiveCfg = Debug|Any CPU
		{F3F19431-A4F4-4E36-98FD-6628912971E3}.Debug|x64.Build.0 = Debug|Any CPU
		{F3F19431-A4F4-4E36-98FD-6628912971E3}.Debug|x86.ActiveCfg = Debug|Any CPU
		{F3F19431-A4F4-4E36-98FD-6628912971E3}.Debug|x86.Build.0 = Debug|Any CPU
		{F3F19431-A4F4-4E36-98FD-6628912971E3}.Release|Any CPU.ActiveCfg = Release|Any CPU
		{F3F19431-A4F4-4E36-98FD-6628912971E3}.Release|Any CPU.Build.0 = Release|Any CPU
		{F3F19431-A4F4-4E36-98FD-6628912971E3}.Release|x64.ActiveCfg = Release|Any CPU
		{F3F19431-A4F4-4E36-98FD-6628912971E3}.Release|x64.Build.0 = Release|Any CPU
		{F3F19431-A4F4-4E36-98FD-6628912971E3}.Release|x86.ActiveCfg = Release|Any CPU
		{F3F19431-A4F4-4E36-98FD-6628912971E3}.Release|x86.Build.0 = Release|Any CPU
	EndGlobalSection
	GlobalSection(SolutionProperties) = preSolution
		HideSolutionNode = FALSE
	EndGlobalSection
	GlobalSection(NestedProjects) = preSolution
		{19D3BED8-A6C7-42D3-970D-349B8C80F324} = {827E0CD3-B72D-47B6-A68D-7590B98EB39B}
		{78F2AE1B-7DB3-4B02-A039-2B4AB7ED106D} = {827E0CD3-B72D-47B6-A68D-7590B98EB39B}
		{0E077E6C-9423-4FEA-92DB-82BA0BC541C7} = {827E0CD3-B72D-47B6-A68D-7590B98EB39B}
		{AB7C0F55-3F6E-49B7-97C7-3E7CFFB5B93D} = {827E0CD3-B72D-47B6-A68D-7590B98EB39B}
		{6C25B373-3013-4110-BB99-B1C6A16D68F5} = {9E39DE2D-35B0-4D3F-8AD1-C750EFC056AE}
		{3EC397F2-DD0F-49A0-ADF3-1D14334D20E1} = {9E39DE2D-35B0-4D3F-8AD1-C750EFC056AE}
		{F3F19431-A4F4-4E36-98FD-6628912971E3} = {9E39DE2D-35B0-4D3F-8AD1-C750EFC056AE}
	EndGlobalSection
EndGlobal
